
Microsoft Visual Studio Solution File, Format Version 12.00
# Visual Studio Version 17
VisualStudioVersion = 17.0.31903.59
MinimumVisualStudioVersion = 10.0.40219.1
Project("{FAE04EC0-301F-11D3-BF4B-00C04F79EFBC}") = "CommonControls", "CommonControls\CommonControls.csproj", "{B2F23EED-F414-432B-A685-4D4014A6E60E}"
EndProject
Project("{2150E333-8FDC-42A3-9474-1A3956D46DE8}") = "CrawlerForm_CrawlerModel", "CrawlerForm_CrawlerModel", "{0F0581EE-208E-C599-FA94-C39D29F666DF}"
EndProject
Project("{FAE04EC0-301F-11D3-BF4B-00C04F79EFBC}") = "CrawlerModel", "CrawlerForm_CrawlerModel\CrawlerModel.csproj", "{7B80D416-DCFF-40C5-860F-1C300AA2C31E}"
EndProject
Project("{2150E333-8FDC-42A3-9474-1A3956D46DE8}") = "CrawlerForm_DbAccess", "CrawlerForm_DbAccess", "{C269B0CF-1374-1F97-D227-1A3164FA7410}"
EndProject
Project("{FAE04EC0-301F-11D3-BF4B-00C04F79EFBC}") = "DbAccess", "CrawlerForm_DbAccess\DbAccess.csproj", "{54AC69E2-BD67-49B9-8A82-1CC6D726AA53}"
EndProject
Project("{FAE04EC0-301F-11D3-BF4B-00C04F79EFBC}") = "CrawlerForm_net20", "CrawlerForm_net20\CrawlerForm_net20.csproj", "{62642834-9567-4A00-A4A4-E4F9BB6D4E76}"
EndProject
Project("{FAE04EC0-301F-11D3-BF4B-00C04F79EFBC}") = "CrawlerForm_net40", "CrawlerForm_net40\CrawlerForm_net40.csproj", "{19E14F9B-497D-483D-89FA-BAB5DBA3FE8D}"
EndProject
Project("{FAE04EC0-301F-11D3-BF4B-00C04F79EFBC}") = "CrawlerModel", "CrawlerModel\CrawlerModel.csproj", "{BFAA008D-109C-41BB-885F-74829D4FA253}"
EndProject
Project("{FAE04EC0-301F-11D3-BF4B-00C04F79EFBC}") = "DTO", "DTO\DTO.csproj", "{03E78219-5DC3-4161-BAED-0A8BAD319D0B}"
EndProject
Project("{FAE04EC0-301F-11D3-BF4B-00C04F79EFBC}") = "FileTransferModel", "FileTransferModel\FileTransferModel.csproj", "{E5BEC553-3F11-41B7-80F5-EA6C2D5359A2}"
EndProject
Project("{FAE04EC0-301F-11D3-BF4B-00C04F79EFBC}") = "FilterModel", "FilterModel\FilterModel.csproj", "{8FE43EC5-BE8C-4A44-A7BF-89EDF18D04C3}"
EndProject
Project("{FAE04EC0-301F-11D3-BF4B-00C04F79EFBC}") = "LedgerImport", "LedgerImport\LedgerImport.csproj", "{25B1B032-77FC-4152-817C-D85ACEE20EED}"
EndProject
Project("{FAE04EC0-301F-11D3-BF4B-00C04F79EFBC}") = "LedgerModel", "LedgerModel\LedgerModel.csproj", "{C219E1F4-FBB5-4089-8765-DFD8C0D077A8}"
EndProject
Project("{FAE04EC0-301F-11D3-BF4B-00C04F79EFBC}") = "LedgerViewer2", "LedgerViewer2\LedgerViewer2.csproj", "{BA4263E7-7A64-4AD9-AB14-F90A522C9CE3}"
EndProject
Project("{FAE04EC0-301F-11D3-BF4B-00C04F79EFBC}") = "AuditAI", "AuditAI\AuditAI.csproj", "{588B51A0-1596-4221-B748-0AB86BFE830D}"
EndProject
Project("{FAE04EC0-301F-11D3-BF4B-00C04F79EFBC}") = "AuditAILauncher", "AuditAILauncher\AuditAILauncher.csproj", "{CBC06F97-6CF0-4707-A8F0-2AC391B13AE9}"
EndProject
Project("{2150E333-8FDC-42A3-9474-1A3956D46DE8}") = "AuditAI.Help", "AuditAI.Help", "{787C6639-94C5-0B70-F37C-0CE1EF7CC83B}"
EndProject
Project("{FAE04EC0-301F-11D3-BF4B-00C04F79EFBC}") = "auditai-help", "AuditAI.Help\auditai-help.csproj", "{9333A096-9933-42C1-8C4A-D03296500E3D}"
EndProject
Project("{FAE04EC0-301F-11D3-BF4B-00C04F79EFBC}") = "ProjectModel", "ProjectModel\ProjectModel.csproj", "{34D604F5-4228-41E6-9EFA-A3595EB41A32}"
EndProject
Project("{FAE04EC0-301F-11D3-BF4B-00C04F79EFBC}") = "ReportExportToExcel", "ReportExportToExcel\ReportExportToExcel.csproj", "{ABDBCAB6-AD0F-4C82-BD1B-1BA774C3333B}"
EndProject
Project("{FAE04EC0-301F-11D3-BF4B-00C04F79EFBC}") = "ReportPreview", "ReportPreview\ReportPreview.csproj", "{4B3AF19D-81E6-47D4-904C-1305AFD550A9}"
EndProject
Project("{FAE04EC0-301F-11D3-BF4B-00C04F79EFBC}") = "SignalRClient", "SignalRClient\SignalRClient.csproj", "{3A6181EB-F25C-45E7-A90D-BCA3C47B7261}"
EndProject
Project("{FAE04EC0-301F-11D3-BF4B-00C04F79EFBC}") = "WebApiLib", "WebApiLib\WebApiLib.csproj", "{0391DE6B-94C7-4ACA-AB85-B20CF31D9DEF}"
EndProject
Project("{FAE04EC0-301F-11D3-BF4B-00C04F79EFBC}") = "XinJiYuan", "XinJiYuan\XinJiYuan.csproj", "{715A11D2-D1DF-4BD6-B944-2B5A1E8A19AE}"
EndProject
Project("{FAE04EC0-301F-11D3-BF4B-00C04F79EFBC}") = "AuditAI.McpServer", "AuditAI.McpServer\AuditAI.McpServer.csproj", "{D1A2B3C4-D5E6-F7A8-B9C0-D1E2F3A4B5C6}"
EndProject
Global
	GlobalSection(SolutionConfigurationPlatforms) = preSolution
		Debug|Any CPU = Debug|Any CPU
		Debug|x64 = Debug|x64
		Debug|x86 = Debug|x86
		Release|Any CPU = Release|Any CPU
		Release|x64 = Release|x64
		Release|x86 = Release|x86
	EndGlobalSection
	GlobalSection(ProjectConfigurationPlatforms) = postSolution
		{B2F23EED-F414-432B-A685-4D4014A6E60E}.Debug|Any CPU.ActiveCfg = Debug|Any CPU
		{B2F23EED-F414-432B-A685-4D4014A6E60E}.Debug|Any CPU.Build.0 = Debug|Any CPU
		{B2F23EED-F414-432B-A685-4D4014A6E60E}.Debug|x64.ActiveCfg = Debug|Any CPU
		{B2F23EED-F414-432B-A685-4D4014A6E60E}.Debug|x64.Build.0 = Debug|Any CPU
		{B2F23EED-F414-432B-A685-4D4014A6E60E}.Debug|x86.ActiveCfg = Debug|Any CPU
		{B2F23EED-F414-432B-A685-4D4014A6E60E}.Debug|x86.Build.0 = Debug|Any CPU
		{B2F23EED-F414-432B-A685-4D4014A6E60E}.Release|Any CPU.ActiveCfg = Release|Any CPU
		{B2F23EED-F414-432B-A685-4D4014A6E60E}.Release|Any CPU.Build.0 = Release|Any CPU
		{B2F23EED-F414-432B-A685-4D4014A6E60E}.Release|x64.ActiveCfg = Release|Any CPU
		{B2F23EED-F414-432B-A685-4D4014A6E60E}.Release|x64.Build.0 = Release|Any CPU
		{B2F23EED-F414-432B-A685-4D4014A6E60E}.Release|x86.ActiveCfg = Release|Any CPU
		{B2F23EED-F414-432B-A685-4D4014A6E60E}.Release|x86.Build.0 = Release|Any CPU
		{7B80D416-DCFF-40C5-860F-1C300AA2C31E}.Debug|Any CPU.ActiveCfg = Debug|Any CPU
		{7B80D416-DCFF-40C5-860F-1C300AA2C31E}.Debug|Any CPU.Build.0 = Debug|Any CPU
		{7B80D416-DCFF-40C5-860F-1C300AA2C31E}.Debug|x64.ActiveCfg = Debug|Any CPU
		{7B80D416-DCFF-40C5-860F-1C300AA2C31E}.Debug|x64.Build.0 = Debug|Any CPU
		{7B80D416-DCFF-40C5-860F-1C300AA2C31E}.Debug|x86.ActiveCfg = Debug|Any CPU
		{7B80D416-DCFF-40C5-860F-1C300AA2C31E}.Debug|x86.Build.0 = Debug|Any CPU
		{7B80D416-DCFF-40C5-860F-1C300AA2C31E}.Release|Any CPU.ActiveCfg = Release|Any CPU
		{7B80D416-DCFF-40C5-860F-1C300AA2C31E}.Release|Any CPU.Build.0 = Release|Any CPU
		{7B80D416-DCFF-40C5-860F-1C300AA2C31E}.Release|x64.ActiveCfg = Release|Any CPU
		{7B80D416-DCFF-40C5-860F-1C300AA2C31E}.Release|x64.Build.0 = Release|Any CPU
		{7B80D416-DCFF-40C5-860F-1C300AA2C31E}.Release|x86.ActiveCfg = Release|Any CPU
		{7B80D416-DCFF-40C5-860F-1C300AA2C31E}.Release|x86.Build.0 = Release|Any CPU
		{54AC69E2-BD67-49B9-8A82-1CC6D726AA53}.Debug|Any CPU.ActiveCfg = Debug|Any CPU
		{54AC69E2-BD67-49B9-8A82-1CC6D726AA53}.Debug|Any CPU.Build.0 = Debug|Any CPU
		{54AC69E2-BD67-49B9-8A82-1CC6D726AA53}.Debug|x64.ActiveCfg = Debug|Any CPU
		{54AC69E2-BD67-49B9-8A82-1CC6D726AA53}.Debug|x64.Build.0 = Debug|Any CPU
		{54AC69E2-BD67-49B9-8A82-1CC6D726AA53}.Debug|x86.ActiveCfg = Debug|Any CPU
		{54AC69E2-BD67-49B9-8A82-1CC6D726AA53}.Debug|x86.Build.0 = Debug|Any CPU
		{54AC69E2-BD67-49B9-8A82-1CC6D726AA53}.Release|Any CPU.ActiveCfg = Release|Any CPU
		{54AC69E2-BD67-49B9-8A82-1CC6D726AA53}.Release|Any CPU.Build.0 = Release|Any CPU
		{54AC69E2-BD67-49B9-8A82-1CC6D726AA53}.Release|x64.ActiveCfg = Release|Any CPU
		{54AC69E2-BD67-49B9-8A82-1CC6D726AA53}.Release|x64.Build.0 = Release|Any CPU
		{54AC69E2-BD67-49B9-8A82-1CC6D726AA53}.Release|x86.ActiveCfg = Release|Any CPU
		{54AC69E2-BD67-49B9-8A82-1CC6D726AA53}.Release|x86.Build.0 = Release|Any CPU
		{62642834-9567-4A00-A4A4-E4F9BB6D4E76}.Debug|Any CPU.ActiveCfg = Debug|Any CPU
		{62642834-9567-4A00-A4A4-E4F9BB6D4E76}.Debug|Any CPU.Build.0 = Debug|Any CPU
		{62642834-9567-4A00-A4A4-E4F9BB6D4E76}.Debug|x64.ActiveCfg = Debug|Any CPU
		{62642834-9567-4A00-A4A4-E4F9BB6D4E76}.Debug|x64.Build.0 = Debug|Any CPU
		{62642834-9567-4A00-A4A4-E4F9BB6D4E76}.Debug|x86.ActiveCfg = Debug|Any CPU
		{62642834-9567-4A00-A4A4-E4F9BB6D4E76}.Debug|x86.Build.0 = Debug|Any CPU
		{62642834-9567-4A00-A4A4-E4F9BB6D4E76}.Release|Any CPU.ActiveCfg = Release|Any CPU
		{62642834-9567-4A00-A4A4-E4F9BB6D4E76}.Release|Any CPU.Build.0 = Release|Any CPU
		{62642834-9567-4A00-A4A4-E4F9BB6D4E76}.Release|x64.ActiveCfg = Release|Any CPU
		{62642834-9567-4A00-A4A4-E4F9BB6D4E76}.Release|x64.Build.0 = Release|Any CPU
		{62642834-9567-4A00-A4A4-E4F9BB6D4E76}.Release|x86.ActiveCfg = Release|Any CPU
		{62642834-9567-4A00-A4A4-E4F9BB6D4E76}.Release|x86.Build.0 = Release|Any CPU
		{19E14F9B-497D-483D-89FA-BAB5DBA3FE8D}.Debug|Any CPU.ActiveCfg = Debug|Any CPU
		{19E14F9B-497D-483D-89FA-BAB5DBA3FE8D}.Debug|Any CPU.Build.0 = Debug|Any CPU
		{19E14F9B-497D-483D-89FA-BAB5DBA3FE8D}.Debug|x64.ActiveCfg = Debug|Any CPU
		{19E14F9B-497D-483D-89FA-BAB5DBA3FE8D}.Debug|x64.Build.0 = Debug|Any CPU
		{19E14F9B-497D-483D-89FA-BAB5DBA3FE8D}.Debug|x86.ActiveCfg = Debug|Any CPU
		{19E14F9B-497D-483D-89FA-BAB5DBA3FE8D}.Debug|x86.Build.0 = Debug|Any CPU
		{19E14F9B-497D-483D-89FA-BAB5DBA3FE8D}.Release|Any CPU.ActiveCfg = Release|Any CPU
		{19E14F9B-497D-483D-89FA-BAB5DBA3FE8D}.Release|Any CPU.Build.0 = Release|Any CPU
		{19E14F9B-497D-483D-89FA-BAB5DBA3FE8D}.Release|x64.ActiveCfg = Release|Any CPU
		{19E14F9B-497D-483D-89FA-BAB5DBA3FE8D}.Release|x64.Build.0 = Release|Any CPU
		{19E14F9B-497D-483D-89FA-BAB5DBA3FE8D}.Release|x86.ActiveCfg = Release|Any CPU
		{19E14F9B-497D-483D-89FA-BAB5DBA3FE8D}.Release|x86.Build.0 = Release|Any CPU
		{BFAA008D-109C-41BB-885F-74829D4FA253}.Debug|Any CPU.ActiveCfg = Debug|Any CPU
		{BFAA008D-109C-41BB-885F-74829D4FA253}.Debug|Any CPU.Build.0 = Debug|Any CPU
		{BFAA008D-109C-41BB-885F-74829D4FA253}.Debug|x64.ActiveCfg = Debug|Any CPU
		{BFAA008D-109C-41BB-885F-74829D4FA253}.Debug|x64.Build.0 = Debug|Any CPU
		{BFAA008D-109C-41BB-885F-74829D4FA253}.Debug|x86.ActiveCfg = Debug|Any CPU
		{BFAA008D-109C-41BB-885F-74829D4FA253}.Debug|x86.Build.0 = Debug|Any CPU
		{BFAA008D-109C-41BB-885F-74829D4FA253}.Release|Any CPU.ActiveCfg = Release|Any CPU
		{BFAA008D-109C-41BB-885F-74829D4FA253}.Release|Any CPU.Build.0 = Release|Any CPU
		{BFAA008D-109C-41BB-885F-74829D4FA253}.Release|x64.ActiveCfg = Release|Any CPU
		{BFAA008D-109C-41BB-885F-74829D4FA253}.Release|x64.Build.0 = Release|Any CPU
		{BFAA008D-109C-41BB-885F-74829D4FA253}.Release|x86.ActiveCfg = Release|Any CPU
		{BFAA008D-109C-41BB-885F-74829D4FA253}.Release|x86.Build.0 = Release|Any CPU
		{03E78219-5DC3-4161-BAED-0A8BAD319D0B}.Debug|Any CPU.ActiveCfg = Debug|Any CPU
		{03E78219-5DC3-4161-BAED-0A8BAD319D0B}.Debug|Any CPU.Build.0 = Debug|Any CPU
		{03E78219-5DC3-4161-BAED-0A8BAD319D0B}.Debug|x64.ActiveCfg = Debug|Any CPU
		{03E78219-5DC3-4161-BAED-0A8BAD319D0B}.Debug|x64.Build.0 = Debug|Any CPU
		{03E78219-5DC3-4161-BAED-0A8BAD319D0B}.Debug|x86.ActiveCfg = Debug|Any CPU
		{03E78219-5DC3-4161-BAED-0A8BAD319D0B}.Debug|x86.Build.0 = Debug|Any CPU
		{03E78219-5DC3-4161-BAED-0A8BAD319D0B}.Release|Any CPU.ActiveCfg = Release|Any CPU
		{03E78219-5DC3-4161-BAED-0A8BAD319D0B}.Release|Any CPU.Build.0 = Release|Any CPU
		{03E78219-5DC3-4161-BAED-0A8BAD319D0B}.Release|x64.ActiveCfg = Release|Any CPU
		{03E78219-5DC3-4161-BAED-0A8BAD319D0B}.Release|x64.Build.0 = Release|Any CPU
		{03E78219-5DC3-4161-BAED-0A8BAD319D0B}.Release|x86.ActiveCfg = Release|Any CPU
		{03E78219-5DC3-4161-BAED-0A8BAD319D0B}.Release|x86.Build.0 = Release|Any CPU
		{E5BEC553-3F11-41B7-80F5-EA6C2D5359A2}.Debug|Any CPU.ActiveCfg = Debug|Any CPU
		{E5BEC553-3F11-41B7-80F5-EA6C2D5359A2}.Debug|Any CPU.Build.0 = Debug|Any CPU
		{E5BEC553-3F11-41B7-80F5-EA6C2D5359A2}.Debug|x64.ActiveCfg = Debug|Any CPU
		{E5BEC553-3F11-41B7-80F5-EA6C2D5359A2}.Debug|x64.Build.0 = Debug|Any CPU
		{E5BEC553-3F11-41B7-80F5-EA6C2D5359A2}.Debug|x86.ActiveCfg = Debug|Any CPU
		{E5BEC553-3F11-41B7-80F5-EA6C2D5359A2}.Debug|x86.Build.0 = Debug|Any CPU
		{E5BEC553-3F11-41B7-80F5-EA6C2D5359A2}.Release|Any CPU.ActiveCfg = Release|Any CPU
		{E5BEC553-3F11-41B7-80F5-EA6C2D5359A2}.Release|Any CPU.Build.0 = Release|Any CPU
		{E5BEC553-3F11-41B7-80F5-EA6C2D5359A2}.Release|x64.ActiveCfg = Release|Any CPU
		{E5BEC553-3F11-41B7-80F5-EA6C2D5359A2}.Release|x64.Build.0 = Release|Any CPU
		{E5BEC553-3F11-41B7-80F5-EA6C2D5359A2}.Release|x86.ActiveCfg = Release|Any CPU
		{E5BEC553-3F11-41B7-80F5-EA6C2D5359A2}.Release|x86.Build.0 = Release|Any CPU
		{8FE43EC5-BE8C-4A44-A7BF-89EDF18D04C3}.Debug|Any CPU.ActiveCfg = Debug|Any CPU
		{8FE43EC5-BE8C-4A44-A7BF-89EDF18D04C3}.Debug|Any CPU.Build.0 = Debug|Any CPU
		{8FE43EC5-BE8C-4A44-A7BF-89EDF18D04C3}.Debug|x64.ActiveCfg = Debug|Any CPU
		{8FE43EC5-BE8C-4A44-A7BF-89EDF18D04C3}.Debug|x64.Build.0 = Debug|Any CPU
		{8FE43EC5-BE8C-4A44-A7BF-89EDF18D04C3}.Debug|x86.ActiveCfg = Debug|Any CPU
		{8FE43EC5-BE8C-4A44-A7BF-89EDF18D04C3}.Debug|x86.Build.0 = Debug|Any CPU
		{8FE43EC5-BE8C-4A44-A7BF-89EDF18D04C3}.Release|Any CPU.ActiveCfg = Release|Any CPU
		{8FE43EC5-BE8C-4A44-A7BF-89EDF18D04C3}.Release|Any CPU.Build.0 = Release|Any CPU
		{8FE43EC5-BE8C-4A44-A7BF-89EDF18D04C3}.Release|x64.ActiveCfg = Release|Any CPU
		{8FE43EC5-BE8C-4A44-A7BF-89EDF18D04C3}.Release|x64.Build.0 = Release|Any CPU
		{8FE43EC5-BE8C-4A44-A7BF-89EDF18D04C3}.Release|x86.ActiveCfg = Release|Any CPU
		{8FE43EC5-BE8C-4A44-A7BF-89EDF18D04C3}.Release|x86.Build.0 = Release|Any CPU
		{25B1B032-77FC-4152-817C-D85ACEE20EED}.Debug|Any CPU.ActiveCfg = Debug|Any CPU
		{25B1B032-77FC-4152-817C-D85ACEE20EED}.Debug|Any CPU.Build.0 = Debug|Any CPU
		{25B1B032-77FC-4152-817C-D85ACEE20EED}.Debug|x64.ActiveCfg = Debug|Any CPU
		{25B1B032-77FC-4152-817C-D85ACEE20EED}.Debug|x64.Build.0 = Debug|Any CPU
		{25B1B032-77FC-4152-817C-D85ACEE20EED}.Debug|x86.ActiveCfg = Debug|Any CPU
		{25B1B032-77FC-4152-817C-D85ACEE20EED}.Debug|x86.Build.0 = Debug|Any CPU
		{25B1B032-77FC-4152-817C-D85ACEE20EED}.Release|Any CPU.ActiveCfg = Release|Any CPU
		{25B1B032-77FC-4152-817C-D85ACEE20EED}.Release|Any CPU.Build.0 = Release|Any CPU
		{25B1B032-77FC-4152-817C-D85ACEE20EED}.Release|x64.ActiveCfg = Release|Any CPU
		{25B1B032-77FC-4152-817C-D85ACEE20EED}.Release|x64.Build.0 = Release|Any CPU
		{25B1B032-77FC-4152-817C-D85ACEE20EED}.Release|x86.ActiveCfg = Release|Any CPU
		{25B1B032-77FC-4152-817C-D85ACEE20EED}.Release|x86.Build.0 = Release|Any CPU
		{C219E1F4-FBB5-4089-8765-DFD8C0D077A8}.Debug|Any CPU.ActiveCfg = Debug|Any CPU
		{C219E1F4-FBB5-4089-8765-DFD8C0D077A8}.Debug|Any CPU.Build.0 = Debug|Any CPU
		{C219E1F4-FBB5-4089-8765-DFD8C0D077A8}.Debug|x64.ActiveCfg = Debug|Any CPU
		{C219E1F4-FBB5-4089-8765-DFD8C0D077A8}.Debug|x64.Build.0 = Debug|Any CPU
		{C219E1F4-FBB5-4089-8765-DFD8C0D077A8}.Debug|x86.ActiveCfg = Debug|Any CPU
		{C219E1F4-FBB5-4089-8765-DFD8C0D077A8}.Debug|x86.Build.0 = Debug|Any CPU
		{C219E1F4-FBB5-4089-8765-DFD8C0D077A8}.Release|Any CPU.ActiveCfg = Release|Any CPU
		{C219E1F4-FBB5-4089-8765-DFD8C0D077A8}.Release|Any CPU.Build.0 = Release|Any CPU
		{C219E1F4-FBB5-4089-8765-DFD8C0D077A8}.Release|x64.ActiveCfg = Release|Any CPU
		{C219E1F4-FBB5-4089-8765-DFD8C0D077A8}.Release|x64.Build.0 = Release|Any CPU
		{C219E1F4-FBB5-4089-8765-DFD8C0D077A8}.Release|x86.ActiveCfg = Release|Any CPU
		{C219E1F4-FBB5-4089-8765-DFD8C0D077A8}.Release|x86.Build.0 = Release|Any CPU
		{BA4263E7-7A64-4AD9-AB14-F90A522C9CE3}.Debug|Any CPU.ActiveCfg = Debug|Any CPU
		{BA4263E7-7A64-4AD9-AB14-F90A522C9CE3}.Debug|Any CPU.Build.0 = Debug|Any CPU
		{BA4263E7-7A64-4AD9-AB14-F90A522C9CE3}.Debug|x64.ActiveCfg = Debug|Any CPU
		{BA4263E7-7A64-4AD9-AB14-F90A522C9CE3}.Debug|x64.Build.0 = Debug|Any CPU
		{BA4263E7-7A64-4AD9-AB14-F90A522C9CE3}.Debug|x86.ActiveCfg = Debug|Any CPU
		{BA4263E7-7A64-4AD9-AB14-F90A522C9CE3}.Debug|x86.Build.0 = Debug|Any CPU
		{BA4263E7-7A64-4AD9-AB14-F90A522C9CE3}.Release|Any CPU.ActiveCfg = Release|Any CPU
		{BA4263E7-7A64-4AD9-AB14-F90A522C9CE3}.Release|Any CPU.Build.0 = Release|Any CPU
		{BA4263E7-7A64-4AD9-AB14-F90A522C9CE3}.Release|x64.ActiveCfg = Release|Any CPU
		{BA4263E7-7A64-4AD9-AB14-F90A522C9CE3}.Release|x64.Build.0 = Release|Any CPU
		{BA4263E7-7A64-4AD9-AB14-F90A522C9CE3}.Release|x86.ActiveCfg = Release|Any CPU
		{BA4263E7-7A64-4AD9-AB14-F90A522C9CE3}.Release|x86.Build.0 = Release|Any CPU
		{588B51A0-1596-4221-B748-0AB86BFE830D}.Debug|Any CPU.ActiveCfg = Debug|Any CPU
		{588B51A0-1596-4221-B748-0AB86BFE830D}.Debug|Any CPU.Build.0 = Debug|Any CPU
		{588B51A0-1596-4221-B748-0AB86BFE830D}.Debug|x64.ActiveCfg = Debug|Any CPU
		{588B51A0-1596-4221-B748-0AB86BFE830D}.Debug|x64.Build.0 = Debug|Any CPU
		{588B51A0-1596-4221-B748-0AB86BFE830D}.Debug|x86.ActiveCfg = Debug|Any CPU
		{588B51A0-1596-4221-B748-0AB86BFE830D}.Debug|x86.Build.0 = Debug|Any CPU
		{588B51A0-1596-4221-B748-0AB86BFE830D}.Release|Any CPU.ActiveCfg = Release|Any CPU
		{588B51A0-1596-4221-B748-0AB86BFE830D}.Release|Any CPU.Build.0 = Release|Any CPU
		{588B51A0-1596-4221-B748-0AB86BFE830D}.Release|x64.ActiveCfg = Release|Any CPU
		{588B51A0-1596-4221-B748-0AB86BFE830D}.Release|x64.Build.0 = Release|Any CPU
		{588B51A0-1596-4221-B748-0AB86BFE830D}.Release|x86.ActiveCfg = Release|Any CPU
		{588B51A0-1596-4221-B748-0AB86BFE830D}.Release|x86.Build.0 = Release|Any CPU
		{CBC06F97-6CF0-4707-A8F0-2AC391B13AE9}.Debug|Any CPU.ActiveCfg = Debug|Any CPU
		{CBC06F97-6CF0-4707-A8F0-2AC391B13AE9}.Debug|Any CPU.Build.0 = Debug|Any CPU
		{CBC06F97-6CF0-4707-A8F0-2AC391B13AE9}.Debug|x64.ActiveCfg = Debug|Any CPU
		{CBC06F97-6CF0-4707-A8F0-2AC391B13AE9}.Debug|x64.Build.0 = Debug|Any CPU
		{CBC06F97-6CF0-4707-A8F0-2AC391B13AE9}.Debug|x86.ActiveCfg = Debug|Any CPU
		{CBC06F97-6CF0-4707-A8F0-2AC391B13AE9}.Debug|x86.Build.0 = Debug|Any CPU
		{CBC06F97-6CF0-4707-A8F0-2AC391B13AE9}.Release|Any CPU.ActiveCfg = Release|Any CPU
		{CBC06F97-6CF0-4707-A8F0-2AC391B13AE9}.Release|Any CPU.Build.0 = Release|Any CPU
		{CBC06F97-6CF0-4707-A8F0-2AC391B13AE9}.Release|x64.ActiveCfg = Release|Any CPU
		{CBC06F97-6CF0-4707-A8F0-2AC391B13AE9}.Release|x64.Build.0 = Release|Any CPU
		{CBC06F97-6CF0-4707-A8F0-2AC391B13AE9}.Release|x86.ActiveCfg = Release|Any CPU
		{CBC06F97-6CF0-4707-A8F0-2AC391B13AE9}.Release|x86.Build.0 = Release|Any CPU
		{9333A096-9933-42C1-8C4A-D03296500E3D}.Debug|Any CPU.ActiveCfg = Debug|Any CPU
		{9333A096-9933-42C1-8C4A-D03296500E3D}.Debug|Any CPU.Build.0 = Debug|Any CPU
		{9333A096-9933-42C1-8C4A-D03296500E3D}.Debug|x64.ActiveCfg = Debug|Any CPU
		{9333A096-9933-42C1-8C4A-D03296500E3D}.Debug|x64.Build.0 = Debug|Any CPU
		{9333A096-9933-42C1-8C4A-D03296500E3D}.Debug|x86.ActiveCfg = Debug|Any CPU
		{9333A096-9933-42C1-8C4A-D03296500E3D}.Debug|x86.Build.0 = Debug|Any CPU
		{9333A096-9933-42C1-8C4A-D03296500E3D}.Release|Any CPU.ActiveCfg = Release|Any CPU
		{9333A096-9933-42C1-8C4A-D03296500E3D}.Release|Any CPU.Build.0 = Release|Any CPU
		{9333A096-9933-42C1-8C4A-D03296500E3D}.Release|x64.ActiveCfg = Release|Any CPU
		{9333A096-9933-42C1-8C4A-D03296500E3D}.Release|x64.Build.0 = Release|Any CPU
		{9333A096-9933-42C1-8C4A-D03296500E3D}.Release|x86.ActiveCfg = Release|Any CPU
		{9333A096-9933-42C1-8C4A-D03296500E3D}.Release|x86.Build.0 = Release|Any CPU
		{34D604F5-4228-41E6-9EFA-A3595EB41A32}.Debug|Any CPU.ActiveCfg = Debug|Any CPU
		{34D604F5-4228-41E6-9EFA-A3595EB41A32}.Debug|Any CPU.Build.0 = Debug|Any CPU
		{34D604F5-4228-41E6-9EFA-A3595EB41A32}.Debug|x64.ActiveCfg = Debug|Any CPU
		{34D604F5-4228-41E6-9EFA-A3595EB41A32}.Debug|x64.Build.0 = Debug|Any CPU
		{34D604F5-4228-41E6-9EFA-A3595EB41A32}.Debug|x86.ActiveCfg = Debug|Any CPU
		{34D604F5-4228-41E6-9EFA-A3595EB41A32}.Debug|x86.Build.0 = Debug|Any CPU
		{34D604F5-4228-41E6-9EFA-A3595EB41A32}.Release|Any CPU.ActiveCfg = Release|Any CPU
		{34D604F5-4228-41E6-9EFA-A3595EB41A32}.Release|Any CPU.Build.0 = Release|Any CPU
		{34D604F5-4228-41E6-9EFA-A3595EB41A32}.Release|x64.ActiveCfg = Release|Any CPU
		{34D604F5-4228-41E6-9EFA-A3595EB41A32}.Release|x64.Build.0 = Release|Any CPU
		{34D604F5-4228-41E6-9EFA-A3595EB41A32}.Release|x86.ActiveCfg = Release|Any CPU
		{34D604F5-4228-41E6-9EFA-A3595EB41A32}.Release|x86.Build.0 = Release|Any CPU
		{ABDBCAB6-AD0F-4C82-BD1B-1BA774C3333B}.Debug|Any CPU.ActiveCfg = Debug|Any CPU
		{ABDBCAB6-AD0F-4C82-BD1B-1BA774C3333B}.Debug|Any CPU.Build.0 = Debug|Any CPU
		{ABDBCAB6-AD0F-4C82-BD1B-1BA774C3333B}.Debug|x64.ActiveCfg = Debug|Any CPU
		{ABDBCAB6-AD0F-4C82-BD1B-1BA774C3333B}.Debug|x64.Build.0 = Debug|Any CPU
		{ABDBCAB6-AD0F-4C82-BD1B-1BA774C3333B}.Debug|x86.ActiveCfg = Debug|Any CPU
		{ABDBCAB6-AD0F-4C82-BD1B-1BA774C3333B}.Debug|x86.Build.0 = Debug|Any CPU
		{ABDBCAB6-AD0F-4C82-BD1B-1BA774C3333B}.Release|Any CPU.ActiveCfg = Release|Any CPU
		{ABDBCAB6-AD0F-4C82-BD1B-1BA774C3333B}.Release|Any CPU.Build.0 = Release|Any CPU
		{ABDBCAB6-AD0F-4C82-BD1B-1BA774C3333B}.Release|x64.ActiveCfg = Release|Any CPU
		{ABDBCAB6-AD0F-4C82-BD1B-1BA774C3333B}.Release|x64.Build.0 = Release|Any CPU
		{ABDBCAB6-AD0F-4C82-BD1B-1BA774C3333B}.Release|x86.ActiveCfg = Release|Any CPU
		{ABDBCAB6-AD0F-4C82-BD1B-1BA774C3333B}.Release|x86.Build.0 = Release|Any CPU
		{4B3AF19D-81E6-47D4-904C-1305AFD550A9}.Debug|Any CPU.ActiveCfg = Debug|Any CPU
		{4B3AF19D-81E6-47D4-904C-1305AFD550A9}.Debug|Any CPU.Build.0 = Debug|Any CPU
		{4B3AF19D-81E6-47D4-904C-1305AFD550A9}.Debug|x64.ActiveCfg = Debug|Any CPU
		{4B3AF19D-81E6-47D4-904C-1305AFD550A9}.Debug|x64.Build.0 = Debug|Any CPU
		{4B3AF19D-81E6-47D4-904C-1305AFD550A9}.Debug|x86.ActiveCfg = Debug|Any CPU
		{4B3AF19D-81E6-47D4-904C-1305AFD550A9}.Debug|x86.Build.0 = Debug|Any CPU
		{4B3AF19D-81E6-47D4-904C-1305AFD550A9}.Release|Any CPU.ActiveCfg = Release|Any CPU
		{4B3AF19D-81E6-47D4-904C-1305AFD550A9}.Release|Any CPU.Build.0 = Release|Any CPU
		{4B3AF19D-81E6-47D4-904C-1305AFD550A9}.Release|x64.ActiveCfg = Release|Any CPU
		{4B3AF19D-81E6-47D4-904C-1305AFD550A9}.Release|x64.Build.0 = Release|Any CPU
		{4B3AF19D-81E6-47D4-904C-1305AFD550A9}.Release|x86.ActiveCfg = Release|Any CPU
		{4B3AF19D-81E6-47D4-904C-1305AFD550A9}.Release|x86.Build.0 = Release|Any CPU
		{3A6181EB-F25C-45E7-A90D-BCA3C47B7261}.Debug|Any CPU.ActiveCfg = Debug|Any CPU
		{3A6181EB-F25C-45E7-A90D-BCA3C47B7261}.Debug|Any CPU.Build.0 = Debug|Any CPU
		{3A6181EB-F25C-45E7-A90D-BCA3C47B7261}.Debug|x64.ActiveCfg = Debug|Any CPU
		{3A6181EB-F25C-45E7-A90D-BCA3C47B7261}.Debug|x64.Build.0 = Debug|Any CPU
		{3A6181EB-F25C-45E7-A90D-BCA3C47B7261}.Debug|x86.ActiveCfg = Debug|Any CPU
		{3A6181EB-F25C-45E7-A90D-BCA3C47B7261}.Debug|x86.Build.0 = Debug|Any CPU
		{3A6181EB-F25C-45E7-A90D-BCA3C47B7261}.Release|Any CPU.ActiveCfg = Release|Any CPU
		{3A6181EB-F25C-45E7-A90D-BCA3C47B7261}.Release|Any CPU.Build.0 = Release|Any CPU
		{3A6181EB-F25C-45E7-A90D-BCA3C47B7261}.Release|x64.ActiveCfg = Release|Any CPU
		{3A6181EB-F25C-45E7-A90D-BCA3C47B7261}.Release|x64.Build.0 = Release|Any CPU
		{3A6181EB-F25C-45E7-A90D-BCA3C47B7261}.Release|x86.ActiveCfg = Release|Any CPU
		{3A6181EB-F25C-45E7-A90D-BCA3C47B7261}.Release|x86.Build.0 = Release|Any CPU
		{0391DE6B-94C7-4ACA-AB85-B20CF31D9DEF}.Debug|Any CPU.ActiveCfg = Debug|Any CPU
		{0391DE6B-94C7-4ACA-AB85-B20CF31D9DEF}.Debug|Any CPU.Build.0 = Debug|Any CPU
		{0391DE6B-94C7-4ACA-AB85-B20CF31D9DEF}.Debug|x64.ActiveCfg = Debug|Any CPU
		{0391DE6B-94C7-4ACA-AB85-B20CF31D9DEF}.Debug|x64.Build.0 = Debug|Any CPU
		{0391DE6B-94C7-4ACA-AB85-B20CF31D9DEF}.Debug|x86.ActiveCfg = Debug|Any CPU
		{0391DE6B-94C7-4ACA-AB85-B20CF31D9DEF}.Debug|x86.Build.0 = Debug|Any CPU
		{0391DE6B-94C7-4ACA-AB85-B20CF31D9DEF}.Release|Any CPU.ActiveCfg = Release|Any CPU
		{0391DE6B-94C7-4ACA-AB85-B20CF31D9DEF}.Release|Any CPU.Build.0 = Release|Any CPU
		{0391DE6B-94C7-4ACA-AB85-B20CF31D9DEF}.Release|x64.ActiveCfg = Release|Any CPU
		{0391DE6B-94C7-4ACA-AB85-B20CF31D9DEF}.Release|x64.Build.0 = Release|Any CPU
		{0391DE6B-94C7-4ACA-AB85-B20CF31D9DEF}.Release|x86.ActiveCfg = Release|Any CPU
		{0391DE6B-94C7-4ACA-AB85-B20CF31D9DEF}.Release|x86.Build.0 = Release|Any CPU
		{715A11D2-D1DF-4BD6-B944-2B5A1E8A19AE}.Debug|Any CPU.ActiveCfg = Debug|Any CPU
		{715A11D2-D1DF-4BD6-B944-2B5A1E8A19AE}.Debug|Any CPU.Build.0 = Debug|Any CPU
		{715A11D2-D1DF-4BD6-B944-2B5A1E8A19AE}.Debug|x64.ActiveCfg = Debug|Any CPU
		{715A11D2-D1DF-4BD6-B944-2B5A1E8A19AE}.Debug|x64.Build.0 = Debug|Any CPU
		{715A11D2-D1DF-4BD6-B944-2B5A1E8A19AE}.Debug|x86.ActiveCfg = Debug|Any CPU
		{715A11D2-D1DF-4BD6-B944-2B5A1E8A19AE}.Debug|x86.Build.0 = Debug|Any CPU
		{715A11D2-D1DF-4BD6-B944-2B5A1E8A19AE}.Release|Any CPU.ActiveCfg = Release|Any CPU
		{715A11D2-D1DF-4BD6-B944-2B5A1E8A19AE}.Release|Any CPU.Build.0 = Release|Any CPU
		{715A11D2-D1DF-4BD6-B944-2B5A1E8A19AE}.Release|x64.ActiveCfg = Release|Any CPU
		{715A11D2-D1DF-4BD6-B944-2B5A1E8A19AE}.Release|x64.Build.0 = Release|Any CPU
		{715A11D2-D1DF-4BD6-B944-2B5A1E8A19AE}.Release|x86.ActiveCfg = Release|Any CPU
		{715A11D2-D1DF-4BD6-B944-2B5A1E8A19AE}.Release|x86.Build.0 = Release|Any CPU
		{D1A2B3C4-D5E6-F7A8-B9C0-D1E2F3A4B5C6}.Debug|Any CPU.ActiveCfg = Debug|Any CPU
		{D1A2B3C4-D5E6-F7A8-B9C0-D1E2F3A4B5C6}.Debug|Any CPU.Build.0 = Debug|Any CPU
		{D1A2B3C4-D5E6-F7A8-B9C0-D1E2F3A4B5C6}.Debug|x64.ActiveCfg = Debug|Any CPU
		{D1A2B3C4-D5E6-F7A8-B9C0-D1E2F3A4B5C6}.Debug|x64.Build.0 = Debug|Any CPU
		{D1A2B3C4-D5E6-F7A8-B9C0-D1E2F3A4B5C6}.Debug|x86.ActiveCfg = Debug|Any CPU
		{D1A2B3C4-D5E6-F7A8-B9C0-D1E2F3A4B5C6}.Debug|x86.Build.0 = Debug|Any CPU
		{D1A2B3C4-D5E6-F7A8-B9C0-D1E2F3A4B5C6}.Release|Any CPU.ActiveCfg = Release|Any CPU
		{D1A2B3C4-D5E6-F7A8-B9C0-D1E2F3A4B5C6}.Release|Any CPU.Build.0 = Release|Any CPU
		{D1A2B3C4-D5E6-F7A8-B9C0-D1E2F3A4B5C6}.Release|x64.ActiveCfg = Release|Any CPU
		{D1A2B3C4-D5E6-F7A8-B9C0-D1E2F3A4B5C6}.Release|x64.Build.0 = Release|Any CPU
		{D1A2B3C4-D5E6-F7A8-B9C0-D1E2F3A4B5C6}.Release|x86.ActiveCfg = Release|Any CPU
		{D1A2B3C4-D5E6-F7A8-B9C0-D1E2F3A4B5C6}.Release|x86.Build.0 = Release|Any CPU
	EndGlobalSection
	GlobalSection(SolutionProperties) = preSolution
		HideSolutionNode = FALSE
	EndGlobalSection
	GlobalSection(NestedProjects) = preSolution
		{7B80D416-DCFF-40C5-860F-1C300AA2C31E} = {0F0581EE-208E-C599-FA94-C39D29F666DF}
		{54AC69E2-BD67-49B9-8A82-1CC6D726AA53} = {C269B0CF-1374-1F97-D227-1A3164FA7410}
		{9333A096-9933-42C1-8C4A-D03296500E3D} = {787C6639-94C5-0B70-F37C-0CE1EF7CC83B}
	EndGlobalSection
EndGlobal
